{
    "_readme": [
        "This file locks the dependencies of your project to a known state",
        "Read more about it at https://getcomposer.org/doc/01-basic-usage.md#composer-lock-the-lock-file",
        "This file is @generated automatically"
    ],
    "hash": "a59a615227fe26729a9de78369e84966",
    "content-hash": "b0ff0e3a156f81f508c541d19dd760aa",
    "packages": [
        {
            "name": "dompdf/dompdf",
            "version": "v0.7.0-beta3",
            "source": {
                "type": "git",
                "url": "https://github.com/dompdf/dompdf.git",
                "reference": "5f13a9afa8862bafdae2108e01246b293cc17a34"
            },
            "dist": {
                "type": "zip",
                "url": "https://api.github.com/repos/dompdf/dompdf/zipball/5f13a9afa8862bafdae2108e01246b293cc17a34",
                "reference": "5f13a9afa8862bafdae2108e01246b293cc17a34",
                "shasum": ""
            },
            "require": {
                "ext-dom": "*",
                "ext-gd": "*",
                "ext-mbstring": "*",
                "phenx/php-font-lib": "0.4.*",
                "phenx/php-svg-lib": "0.1.*",
                "php": ">=5.3.0"
            },
            "require-dev": {
                "phpunit/phpunit": "3.7.*"
            },
            "type": "library",
            "extra": {
                "branch-alias": {
                    "dev-develop": "0.7-dev"
                }
            },
            "autoload": {
                "psr-4": {
                    "Dompdf\\": "src/"
                },
                "classmap": [
                    "lib/"
                ]
            },
            "notification-url": "https://packagist.org/downloads/",
            "license": [
                "LGPL-2.1"
            ],
            "authors": [
                {
                    "name": "Fabien Ménager",
                    "email": "fabien.menager@gmail.com"
                },
                {
                    "name": "Brian Sweeney",
                    "email": "eclecticgeek@gmail.com"
                },
                {
                    "name": "Gabriel Bull",
                    "email": "me@gabrielbull.com"
                }
            ],
            "description": "DOMPDF is a CSS 2.1 compliant HTML to PDF converter",
            "homepage": "https://github.com/dompdf/dompdf",
            "time": "2016-01-22 01:58:47"
        },
        {
            "name": "endroid/qrcode",
            "version": "1.6.2",
            "source": {
                "type": "git",
                "url": "https://github.com/endroid/QrCode.git",
                "reference": "70a1daea37f8dbd41add2707e53a22a5c4b18ee7"
            },
            "dist": {
                "type": "zip",
                "url": "https://api.github.com/repos/endroid/QrCode/zipball/70a1daea37f8dbd41add2707e53a22a5c4b18ee7",
                "reference": "70a1daea37f8dbd41add2707e53a22a5c4b18ee7",
                "shasum": ""
            },
            "require": {
                "ext-gd": "*",
                "php": ">=5.3.0"
            },
            "type": "library",
            "extra": {
                "branch-alias": {
                    "dev-master": "1.x-dev"
                }
            },
            "autoload": {
                "psr-4": {
                    "Endroid\\QrCode\\": "src/"
                }
            },
            "notification-url": "https://packagist.org/downloads/",
            "license": [
                "MIT"
            ],
            "authors": [
                {
                    "name": "Jeroen van den Enden",
                    "email": "info@endroid.nl",
                    "homepage": "http://endroid.nl/"
                }
            ],
            "description": "Endroid QR Code",
            "homepage": "https://github.com/endroid/QrCode",
            "keywords": [
                "code",
                "endroid",
                "qr",
                "qrcode"
            ],
            "time": "2016-03-26 19:54:00"
        },
        {
            "name": "phenx/php-font-lib",
            "version": "0.4",
            "source": {
                "type": "git",
                "url": "https://github.com/PhenX/php-font-lib.git",
                "reference": "b8af0cacdc3cbf1e41a586fcb78f506f4121a088"
            },
            "dist": {
                "type": "zip",
                "url": "https://api.github.com/repos/PhenX/php-font-lib/zipball/b8af0cacdc3cbf1e41a586fcb78f506f4121a088",
                "reference": "b8af0cacdc3cbf1e41a586fcb78f506f4121a088",
                "shasum": ""
            },
            "type": "library",
            "autoload": {
                "psr-0": {
                    "FontLib\\": "src/"
                }
            },
            "notification-url": "https://packagist.org/downloads/",
            "license": [
                "LGPL-3.0"
            ],
            "authors": [
                {
                    "name": "Fabien Ménager",
                    "email": "fabien.menager@gmail.com"
                }
            ],
            "description": "A library to read, parse, export and make subsets of different types of font files.",
            "homepage": "https://github.com/PhenX/php-font-lib",
            "time": "2015-05-06 20:02:39"
        },
        {
            "name": "phenx/php-svg-lib",
            "version": "0.1",
            "source": {
                "type": "git",
                "url": "https://github.com/PhenX/php-svg-lib.git",
                "reference": "b419766515b3426c6da74b0e29e93d71c4f17099"
            },
            "dist": {
                "type": "zip",
                "url": "https://api.github.com/repos/PhenX/php-svg-lib/zipball/b419766515b3426c6da74b0e29e93d71c4f17099",
                "reference": "b419766515b3426c6da74b0e29e93d71c4f17099",
                "shasum": ""
            },
            "type": "library",
            "autoload": {
                "psr-0": {
                    "Svg\\": "src/"
                }
            },
            "notification-url": "https://packagist.org/downloads/",
            "license": [
                "LGPL-3.0"
            ],
            "authors": [
                {
                    "name": "Fabien Ménager",
                    "email": "fabien.menager@gmail.com"
                }
            ],
            "description": "A library to read, parse and export to PDF SVG files.",
            "homepage": "https://github.com/PhenX/php-svg-lib",
            "time": "2015-05-06 18:49:49"
        }
    ],
    "packages-dev": [],
    "aliases": [],
    "minimum-stability": "stable",
    "stability-flags": {
        "dompdf/dompdf": 10
    },
    "prefer-stable": false,
    "prefer-lowest": false,
    "platform": {
        "php": ">=5.3.0"
    },
    "platform-dev": []
}
